// !$*UTF8*$!
{
	archiveVersion = 1;
	classes = {
	};
	objectVersion = 55;
	objects = {

/* Begin PBXBuildFile section */
		38C80DD127FBEF1A00285FF6 /* AppDelegate.swift in Sources */ = {isa = PBXBuildFile; fileRef = 38C80DD027FBEF1A00285FF6 /* AppDelegate.swift */; };
		38C80DD327FBEF1A00285FF6 /* SceneDelegate.swift in Sources */ = {isa = PBXBuildFile; fileRef = 38C80DD227FBEF1A00285FF6 /* SceneDelegate.swift */; };
		38C80DD827FBEF1A00285FF6 /* Main.storyboard in Resources */ = {isa = PBXBuildFile; fileRef = 38C80DD627FBEF1A00285FF6 /* Main.storyboard */; };
		38C80DDA27FBEF1B00285FF6 /* Assets.xcassets in Resources */ = {isa = PBXBuildFile; fileRef = 38C80DD927FBEF1B00285FF6 /* Assets.xcassets */; };
		38C80DDD27FBEF1B00285FF6 /* LaunchScreen.storyboard in Resources */ = {isa = PBXBuildFile; fileRef = 38C80DDB27FBEF1B00285FF6 /* LaunchScreen.storyboard */; };
		38C80DE827FBEF1B00285FF6 /* CookStepsTests.swift in Sources */ = {isa = PBXBuildFile; fileRef = 38C80DE727FBEF1B00285FF6 /* CookStepsTests.swift */; };
		38C80DF227FBEF1B00285FF6 /* CookStepsUITests.swift in Sources */ = {isa = PBXBuildFile; fileRef = 38C80DF127FBEF1B00285FF6 /* CookStepsUITests.swift */; };
		38C80DF427FBEF1B00285FF6 /* CookStepsUITestsLaunchTests.swift in Sources */ = {isa = PBXBuildFile; fileRef = 38C80DF327FBEF1B00285FF6 /* CookStepsUITestsLaunchTests.swift */; };
		38F1CEE927FD099D00D558B3 /* RiwayatViewController.swift in Sources */ = {isa = PBXBuildFile; fileRef = 38F1CEE827FD099D00D558B3 /* RiwayatViewController.swift */; };
		38F1CEEC27FD0FEF00D558B3 /* ListResepTableViewCell.swift in Sources */ = {isa = PBXBuildFile; fileRef = 38F1CEEA27FD0FEF00D558B3 /* ListResepTableViewCell.swift */; };
		38F1CEED27FD0FEF00D558B3 /* ListResepTableViewCell.xib in Resources */ = {isa = PBXBuildFile; fileRef = 38F1CEEB27FD0FEF00D558B3 /* ListResepTableViewCell.xib */; };
		38F1CEF327FD43CB00D558B3 /* Resep.swift in Sources */ = {isa = PBXBuildFile; fileRef = 38F1CEF227FD43CB00D558B3 /* Resep.swift */; };
		38F1CEF527FD4BD100D558B3 /* DisukaiViewController.swift in Sources */ = {isa = PBXBuildFile; fileRef = 38F1CEF427FD4BD100D558B3 /* DisukaiViewController.swift */; };
		38F1CEF727FD7FC900D558B3 /* CariViewController.swift in Sources */ = {isa = PBXBuildFile; fileRef = 38F1CEF627FD7FC900D558B3 /* CariViewController.swift */; };
		38F1CEFA27FE378B00D558B3 /* ResepViewController.swift in Sources */ = {isa = PBXBuildFile; fileRef = 38F1CEF927FE378B00D558B3 /* ResepViewController.swift */; };
		38F1CEFD27FE3B3200D558B3 /* RecomendedResepCollectionViewCell.swift in Sources */ = {isa = PBXBuildFile; fileRef = 38F1CEFB27FE3B3200D558B3 /* RecomendedResepCollectionViewCell.swift */; };
		38F1CEFE27FE3B3200D558B3 /* RecomendedResepCollectionViewCell.xib in Resources */ = {isa = PBXBuildFile; fileRef = 38F1CEFC27FE3B3200D558B3 /* RecomendedResepCollectionViewCell.xib */; };
		38F1CF0327FE4F5E00D558B3 /* CategoryViewCollectionViewCell.swift in Sources */ = {isa = PBXBuildFile; fileRef = 38F1CF0127FE4F5E00D558B3 /* CategoryViewCollectionViewCell.swift */; };
		38F1CF0427FE4F5E00D558B3 /* CategoryViewCollectionViewCell.xib in Resources */ = {isa = PBXBuildFile; fileRef = 38F1CF0227FE4F5E00D558B3 /* CategoryViewCollectionViewCell.xib */; };
/* End PBXBuildFile section */

/* Begin PBXContainerItemProxy section */
		38C80DE427FBEF1B00285FF6 /* PBXContainerItemProxy */ = {
			isa = PBXContainerItemProxy;
			containerPortal = 38C80DC527FBEF1A00285FF6 /* Project object */;
			proxyType = 1;
			remoteGlobalIDString = 38C80DCC27FBEF1A00285FF6;
			remoteInfo = CookSteps;
		};
		38C80DEE27FBEF1B00285FF6 /* PBXContainerItemProxy */ = {
			isa = PBXContainerItemProxy;
			containerPortal = 38C80DC527FBEF1A00285FF6 /* Project object */;
			proxyType = 1;
			remoteGlobalIDString = 38C80DCC27FBEF1A00285FF6;
			remoteInfo = CookSteps;
		};
/* End PBXContainerItemProxy section */

/* Begin PBXFileReference section */
		38C80DCD27FBEF1A00285FF6 /* CookSteps.app */ = {isa = PBXFileReference; explicitFileType = wrapper.application; includeInIndex = 0; path = CookSteps.app; sourceTree = BUILT_PRODUCTS_DIR; };
		38C80DD027FBEF1A00285FF6 /* AppDelegate.swift */ = {isa = PBXFileReference; lastKnownFileType = sourcecode.swift; path = AppDelegate.swift; sourceTree = "<group>"; };
		38C80DD227FBEF1A00285FF6 /* SceneDelegate.swift */ = {isa = PBXFileReference; lastKnownFileType = sourcecode.swift; path = SceneDelegate.swift; sourceTree = "<group>"; };
		38C80DD727FBEF1A00285FF6 /* Base */ = {isa = PBXFileReference; lastKnownFileType = file.storyboard; name = Base; path = Base.lproj/Main.storyboard; sourceTree = "<group>"; };
		38C80DD927FBEF1B00285FF6 /* Assets.xcassets */ = {isa = PBXFileReference; lastKnownFileType = folder.assetcatalog; path = Assets.xcassets; sourceTree = "<group>"; };
		38C80DDC27FBEF1B00285FF6 /* Base */ = {isa = PBXFileReference; lastKnownFileType = file.storyboard; name = Base; path = Base.lproj/LaunchScreen.storyboard; sourceTree = "<group>"; };
		38C80DDE27FBEF1B00285FF6 /* Info.plist */ = {isa = PBXFileReference; lastKnownFileType = text.plist.xml; path = Info.plist; sourceTree = "<group>"; };
		38C80DE327FBEF1B00285FF6 /* CookStepsTests.xctest */ = {isa = PBXFileReference; explicitFileType = wrapper.cfbundle; includeInIndex = 0; path = CookStepsTests.xctest; sourceTree = BUILT_PRODUCTS_DIR; };
		38C80DE727FBEF1B00285FF6 /* CookStepsTests.swift */ = {isa = PBXFileReference; lastKnownFileType = sourcecode.swift; path = CookStepsTests.swift; sourceTree = "<group>"; };
		38C80DED27FBEF1B00285FF6 /* CookStepsUITests.xctest */ = {isa = PBXFileReference; explicitFileType = wrapper.cfbundle; includeInIndex = 0; path = CookStepsUITests.xctest; sourceTree = BUILT_PRODUCTS_DIR; };
		38C80DF127FBEF1B00285FF6 /* CookStepsUITests.swift */ = {isa = PBXFileReference; lastKnownFileType = sourcecode.swift; path = CookStepsUITests.swift; sourceTree = "<group>"; };
		38C80DF327FBEF1B00285FF6 /* CookStepsUITestsLaunchTests.swift */ = {isa = PBXFileReference; lastKnownFileType = sourcecode.swift; path = CookStepsUITestsLaunchTests.swift; sourceTree = "<group>"; };
		38F1CEE827FD099D00D558B3 /* RiwayatViewController.swift */ = {isa = PBXFileReference; lastKnownFileType = sourcecode.swift; path = RiwayatViewController.swift; sourceTree = "<group>"; };
		38F1CEEA27FD0FEF00D558B3 /* ListResepTableViewCell.swift */ = {isa = PBXFileReference; lastKnownFileType = sourcecode.swift; path = ListResepTableViewCell.swift; sourceTree = "<group>"; };
		38F1CEEB27FD0FEF00D558B3 /* ListResepTableViewCell.xib */ = {isa = PBXFileReference; lastKnownFileType = file.xib; path = ListResepTableViewCell.xib; sourceTree = "<group>"; };
		38F1CEF227FD43CB00D558B3 /* Resep.swift */ = {isa = PBXFileReference; lastKnownFileType = sourcecode.swift; path = Resep.swift; sourceTree = "<group>"; };
		38F1CEF427FD4BD100D558B3 /* DisukaiViewController.swift */ = {isa = PBXFileReference; lastKnownFileType = sourcecode.swift; path = DisukaiViewController.swift; sourceTree = "<group>"; };
		38F1CEF627FD7FC900D558B3 /* CariViewController.swift */ = {isa = PBXFileReference; lastKnownFileType = sourcecode.swift; path = CariViewController.swift; sourceTree = "<group>"; };
		38F1CEF927FE378B00D558B3 /* ResepViewController.swift */ = {isa = PBXFileReference; lastKnownFileType = sourcecode.swift; path = ResepViewController.swift; sourceTree = "<group>"; };
		38F1CEFB27FE3B3200D558B3 /* RecomendedResepCollectionViewCell.swift */ = {isa = PBXFileReference; lastKnownFileType = sourcecode.swift; path = RecomendedResepCollectionViewCell.swift; sourceTree = "<group>"; };
		38F1CEFC27FE3B3200D558B3 /* RecomendedResepCollectionViewCell.xib */ = {isa = PBXFileReference; lastKnownFileType = file.xib; path = RecomendedResepCollectionViewCell.xib; sourceTree = "<group>"; };
		38F1CF0127FE4F5E00D558B3 /* CategoryViewCollectionViewCell.swift */ = {isa = PBXFileReference; lastKnownFileType = sourcecode.swift; path = CategoryViewCollectionViewCell.swift; sourceTree = "<group>"; };
		38F1CF0227FE4F5E00D558B3 /* CategoryViewCollectionViewCell.xib */ = {isa = PBXFileReference; lastKnownFileType = file.xib; path = CategoryViewCollectionViewCell.xib; sourceTree = "<group>"; };
/* End PBXFileReference section */

/* Begin PBXFrameworksBuildPhase section */
		38C80DCA27FBEF1A00285FF6 /* Frameworks */ = {
			isa = PBXFrameworksBuildPhase;
			buildActionMask = 2147483647;
			files = (
			);
			runOnlyForDeploymentPostprocessing = 0;
		};
		38C80DE027FBEF1B00285FF6 /* Frameworks */ = {
			isa = PBXFrameworksBuildPhase;
			buildActionMask = 2147483647;
			files = (
			);
			runOnlyForDeploymentPostprocessing = 0;
		};
		38C80DEA27FBEF1B00285FF6 /* Frameworks */ = {
			isa = PBXFrameworksBuildPhase;
			buildActionMask = 2147483647;
			files = (
			);
			runOnlyForDeploymentPostprocessing = 0;
		};
/* End PBXFrameworksBuildPhase section */

/* Begin PBXGroup section */
		38C80DC427FBEF1A00285FF6 = {
			isa = PBXGroup;
			children = (
				38C80DCF27FBEF1A00285FF6 /* CookSteps */,
				38C80DE627FBEF1B00285FF6 /* CookStepsTests */,
				38C80DF027FBEF1B00285FF6 /* CookStepsUITests */,
				38C80DCE27FBEF1A00285FF6 /* Products */,
			);
			sourceTree = "<group>";
		};
		38C80DCE27FBEF1A00285FF6 /* Products */ = {
			isa = PBXGroup;
			children = (
				38C80DCD27FBEF1A00285FF6 /* CookSteps.app */,
				38C80DE327FBEF1B00285FF6 /* CookStepsTests.xctest */,
				38C80DED27FBEF1B00285FF6 /* CookStepsUITests.xctest */,
			);
			name = Products;
			sourceTree = "<group>";
		};
		38C80DCF27FBEF1A00285FF6 /* CookSteps */ = {
			isa = PBXGroup;
			children = (
				38F1CEF127FD43AB00D558B3 /* Models */,
				38F1CEF027FD266400D558B3 /* Nibs */,
				38F1CEEF27FD264B00D558B3 /* Views */,
				38F1CEEE27FD262200D558B3 /* Controllers */,
				38C80DD027FBEF1A00285FF6 /* AppDelegate.swift */,
				38C80DD227FBEF1A00285FF6 /* SceneDelegate.swift */,
				38C80DD627FBEF1A00285FF6 /* Main.storyboard */,
				38C80DD927FBEF1B00285FF6 /* Assets.xcassets */,
				38C80DDB27FBEF1B00285FF6 /* LaunchScreen.storyboard */,
				38C80DDE27FBEF1B00285FF6 /* Info.plist */,
			);
			path = CookSteps;
			sourceTree = "<group>";
		};
		38C80DE627FBEF1B00285FF6 /* CookStepsTests */ = {
			isa = PBXGroup;
			children = (
				38C80DE727FBEF1B00285FF6 /* CookStepsTests.swift */,
			);
			path = CookStepsTests;
			sourceTree = "<group>";
		};
		38C80DF027FBEF1B00285FF6 /* CookStepsUITests */ = {
			isa = PBXGroup;
			children = (
				38C80DF127FBEF1B00285FF6 /* CookStepsUITests.swift */,
				38C80DF327FBEF1B00285FF6 /* CookStepsUITestsLaunchTests.swift */,
			);
			path = CookStepsUITests;
			sourceTree = "<group>";
		};
		38F1CEEE27FD262200D558B3 /* Controllers */ = {
			isa = PBXGroup;
			children = (
				38F1CEE827FD099D00D558B3 /* RiwayatViewController.swift */,
				38F1CEF427FD4BD100D558B3 /* DisukaiViewController.swift */,
				38F1CEF627FD7FC900D558B3 /* CariViewController.swift */,
				38F1CEF927FE378B00D558B3 /* ResepViewController.swift */,
			);
			path = Controllers;
			sourceTree = "<group>";
		};
		38F1CEEF27FD264B00D558B3 /* Views */ = {
			isa = PBXGroup;
			children = (
				38F1CEEA27FD0FEF00D558B3 /* ListResepTableViewCell.swift */,
				38F1CEFB27FE3B3200D558B3 /* RecomendedResepCollectionViewCell.swift */,
				38F1CF0127FE4F5E00D558B3 /* CategoryViewCollectionViewCell.swift */,
			);
			path = Views;
			sourceTree = "<group>";
		};
		38F1CEF027FD266400D558B3 /* Nibs */ = {
			isa = PBXGroup;
			children = (
				38F1CEEB27FD0FEF00D558B3 /* ListResepTableViewCell.xib */,
				38F1CEFC27FE3B3200D558B3 /* RecomendedResepCollectionViewCell.xib */,
				38F1CF0227FE4F5E00D558B3 /* CategoryViewCollectionViewCell.xib */,
			);
			path = Nibs;
			sourceTree = "<group>";
		};
		38F1CEF127FD43AB00D558B3 /* Models */ = {
			isa = PBXGroup;
			children = (
				38F1CEF227FD43CB00D558B3 /* Resep.swift */,
			);
			path = Models;
			sourceTree = "<group>";
		};
/* End PBXGroup section */

/* Begin PBXNativeTarget section */
		38C80DCC27FBEF1A00285FF6 /* CookSteps */ = {
			isa = PBXNativeTarget;
			buildConfigurationList = 38C80DF727FBEF1B00285FF6 /* Build configuration list for PBXNativeTarget "CookSteps" */;
			buildPhases = (
				38C80DC927FBEF1A00285FF6 /* Sources */,
				38C80DCA27FBEF1A00285FF6 /* Frameworks */,
				38C80DCB27FBEF1A00285FF6 /* Resources */,
			);
			buildRules = (
			);
			dependencies = (
			);
			name = CookSteps;
			productName = CookSteps;
			productReference = 38C80DCD27FBEF1A00285FF6 /* CookSteps.app */;
			productType = "com.apple.product-type.application";
		};
		38C80DE227FBEF1B00285FF6 /* CookStepsTests */ = {
			isa = PBXNativeTarget;
			buildConfigurationList = 38C80DFA27FBEF1B00285FF6 /* Build configuration list for PBXNativeTarget "CookStepsTests" */;
			buildPhases = (
				38C80DDF27FBEF1B00285FF6 /* Sources */,
				38C80DE027FBEF1B00285FF6 /* Frameworks */,
				38C80DE127FBEF1B00285FF6 /* Resources */,
			);
			buildRules = (
			);
			dependencies = (
				38C80DE527FBEF1B00285FF6 /* PBXTargetDependency */,
			);
			name = CookStepsTests;
			productName = CookStepsTests;
			productReference = 38C80DE327FBEF1B00285FF6 /* CookStepsTests.xctest */;
			productType = "com.apple.product-type.bundle.unit-test";
		};
		38C80DEC27FBEF1B00285FF6 /* CookStepsUITests */ = {
			isa = PBXNativeTarget;
			buildConfigurationList = 38C80DFD27FBEF1B00285FF6 /* Build configuration list for PBXNativeTarget "CookStepsUITests" */;
			buildPhases = (
				38C80DE927FBEF1B00285FF6 /* Sources */,
				38C80DEA27FBEF1B00285FF6 /* Frameworks */,
				38C80DEB27FBEF1B00285FF6 /* Resources */,
			);
			buildRules = (
			);
			dependencies = (
				38C80DEF27FBEF1B00285FF6 /* PBXTargetDependency */,
			);
			name = CookStepsUITests;
			productName = CookStepsUITests;
			productReference = 38C80DED27FBEF1B00285FF6 /* CookStepsUITests.xctest */;
			productType = "com.apple.product-type.bundle.ui-testing";
		};
/* End PBXNativeTarget section */

/* Begin PBXProject section */
		38C80DC527FBEF1A00285FF6 /* Project object */ = {
			isa = PBXProject;
			attributes = {
				BuildIndependentTargetsInParallel = 1;
				LastSwiftUpdateCheck = 1330;
				LastUpgradeCheck = 1330;
				TargetAttributes = {
					38C80DCC27FBEF1A00285FF6 = {
						CreatedOnToolsVersion = 13.3;
					};
					38C80DE227FBEF1B00285FF6 = {
						CreatedOnToolsVersion = 13.3;
						TestTargetID = 38C80DCC27FBEF1A00285FF6;
					};
					38C80DEC27FBEF1B00285FF6 = {
						CreatedOnToolsVersion = 13.3;
						TestTargetID = 38C80DCC27FBEF1A00285FF6;
					};
				};
			};
			buildConfigurationList = 38C80DC827FBEF1A00285FF6 /* Build configuration list for PBXProject "CookSteps" */;
			compatibilityVersion = "Xcode 13.0";
			developmentRegion = en;
			hasScannedForEncodings = 0;
			knownRegions = (
				en,
				Base,
			);
			mainGroup = 38C80DC427FBEF1A00285FF6;
			productRefGroup = 38C80DCE27FBEF1A00285FF6 /* Products */;
			projectDirPath = "";
			projectRoot = "";
			targets = (
				38C80DCC27FBEF1A00285FF6 /* CookSteps */,
				38C80DE227FBEF1B00285FF6 /* CookStepsTests */,
				38C80DEC27FBEF1B00285FF6 /* CookStepsUITests */,
			);
		};
/* End PBXProject section */

/* Begin PBXResourcesBuildPhase section */
		38C80DCB27FBEF1A00285FF6 /* Resources */ = {
			isa = PBXResourcesBuildPhase;
			buildActionMask = 2147483647;
			files = (
				38C80DDD27FBEF1B00285FF6 /* LaunchScreen.storyboard in Resources */,
				38F1CEFE27FE3B3200D558B3 /* RecomendedResepCollectionViewCell.xib in Resources */,
				38F1CEED27FD0FEF00D558B3 /* ListResepTableViewCell.xib in Resources */,
				38F1CF0427FE4F5E00D558B3 /* CategoryViewCollectionViewCell.xib in Resources */,
				38C80DDA27FBEF1B00285FF6 /* Assets.xcassets in Resources */,
				38C80DD827FBEF1A00285FF6 /* Main.storyboard in Resources */,
			);
			runOnlyForDeploymentPostprocessing = 0;
		};
		38C80DE127FBEF1B00285FF6 /* Resources */ = {
			isa = PBXResourcesBuildPhase;
			buildActionMask = 2147483647;
			files = (
			);
			runOnlyForDeploymentPostprocessing = 0;
		};
		38C80DEB27FBEF1B00285FF6 /* Resources */ = {
			isa = PBXResourcesBuildPhase;
			buildActionMask = 2147483647;
			files = (
			);
			runOnlyForDeploymentPostprocessing = 0;
		};
/* End PBXResourcesBuildPhase section */

/* Begin PBXSourcesBuildPhase section */
		38C80DC927FBEF1A00285FF6 /* Sources */ = {
			isa = PBXSourcesBuildPhase;
			buildActionMask = 2147483647;
			files = (
				38C80DD127FBEF1A00285FF6 /* AppDelegate.swift in Sources */,
				38F1CEEC27FD0FEF00D558B3 /* ListResepTableViewCell.swift in Sources */,
				38F1CEFA27FE378B00D558B3 /* ResepViewController.swift in Sources */,
				38F1CEE927FD099D00D558B3 /* RiwayatViewController.swift in Sources */,
				38C80DD327FBEF1A00285FF6 /* SceneDelegate.swift in Sources */,
				38F1CF0327FE4F5E00D558B3 /* CategoryViewCollectionViewCell.swift in Sources */,
				38F1CEF327FD43CB00D558B3 /* Resep.swift in Sources */,
				38F1CEFD27FE3B3200D558B3 /* RecomendedResepCollectionViewCell.swift in Sources */,
				38F1CEF727FD7FC900D558B3 /* CariViewController.swift in Sources */,
				38F1CEF527FD4BD100D558B3 /* DisukaiViewController.swift in Sources */,
			);
			runOnlyForDeploymentPostprocessing = 0;
		};
		38C80DDF27FBEF1B00285FF6 /* Sources */ = {
			isa = PBXSourcesBuildPhase;
			buildActionMask = 2147483647;
			files = (
				38C80DE827FBEF1B00285FF6 /* CookStepsTests.swift in Sources */,
			);
			runOnlyForDeploymentPostprocessing = 0;
		};
		38C80DE927FBEF1B00285FF6 /* Sources */ = {
			isa = PBXSourcesBuildPhase;
			buildActionMask = 2147483647;
			files = (
				38C80DF427FBEF1B00285FF6 /* CookStepsUITestsLaunchTests.swift in Sources */,
				38C80DF227FBEF1B00285FF6 /* CookStepsUITests.swift in Sources */,
			);
			runOnlyForDeploymentPostprocessing = 0;
		};
/* End PBXSourcesBuildPhase section */

/* Begin PBXTargetDependency section */
		38C80DE527FBEF1B00285FF6 /* PBXTargetDependency */ = {
			isa = PBXTargetDependency;
			target = 38C80DCC27FBEF1A00285FF6 /* CookSteps */;
			targetProxy = 38C80DE427FBEF1B00285FF6 /* PBXContainerItemProxy */;
		};
		38C80DEF27FBEF1B00285FF6 /* PBXTargetDependency */ = {
			isa = PBXTargetDependency;
			target = 38C80DCC27FBEF1A00285FF6 /* CookSteps */;
			targetProxy = 38C80DEE27FBEF1B00285FF6 /* PBXContainerItemProxy */;
		};
/* End PBXTargetDependency section */

/* Begin PBXVariantGroup section */
		38C80DD627FBEF1A00285FF6 /* Main.storyboard */ = {
			isa = PBXVariantGroup;
			children = (
				38C80DD727FBEF1A00285FF6 /* Base */,
			);
			name = Main.storyboard;
			sourceTree = "<group>";
		};
		38C80DDB27FBEF1B00285FF6 /* LaunchScreen.storyboard */ = {
			isa = PBXVariantGroup;
			children = (
				38C80DDC27FBEF1B00285FF6 /* Base */,
			);
			name = LaunchScreen.storyboard;
			sourceTree = "<group>";
		};
/* End PBXVariantGroup section */

/* Begin XCBuildConfiguration section */
		38C80DF527FBEF1B00285FF6 /* Debug */ = {
			isa = XCBuildConfiguration;
			buildSettings = {
				ALWAYS_SEARCH_USER_PATHS = NO;
				CLANG_ANALYZER_NONNULL = YES;
				CLANG_ANALYZER_NUMBER_OBJECT_CONVERSION = YES_AGGRESSIVE;
				CLANG_CXX_LANGUAGE_STANDARD = "gnu++17";
				CLANG_ENABLE_MODULES = YES;
				CLANG_ENABLE_OBJC_ARC = YES;
				CLANG_ENABLE_OBJC_WEAK = YES;
				CLANG_WARN_BLOCK_CAPTURE_AUTORELEASING = YES;
				CLANG_WARN_BOOL_CONVERSION = YES;
				CLANG_WARN_COMMA = YES;
				CLANG_WARN_CONSTANT_CONVERSION = YES;
				CLANG_WARN_DEPRECATED_OBJC_IMPLEMENTATIONS = YES;
				CLANG_WARN_DIRECT_OBJC_ISA_USAGE = YES_ERROR;
				CLANG_WARN_DOCUMENTATION_COMMENTS = YES;
				CLANG_WARN_EMPTY_BODY = YES;
				CLANG_WARN_ENUM_CONVERSION = YES;
				CLANG_WARN_INFINITE_RECURSION = YES;
				CLANG_WARN_INT_CONVERSION = YES;
				CLANG_WARN_NON_LITERAL_NULL_CONVERSION = YES;
				CLANG_WARN_OBJC_IMPLICIT_RETAIN_SELF = YES;
				CLANG_WARN_OBJC_LITERAL_CONVERSION = YES;
				CLANG_WARN_OBJC_ROOT_CLASS = YES_ERROR;
				CLANG_WARN_QUOTED_INCLUDE_IN_FRAMEWORK_HEADER = YES;
				CLANG_WARN_RANGE_LOOP_ANALYSIS = YES;
				CLANG_WARN_STRICT_PROTOTYPES = YES;
				CLANG_WARN_SUSPICIOUS_MOVE = YES;
				CLANG_WARN_UNGUARDED_AVAILABILITY = YES_AGGRESSIVE;
				CLANG_WARN_UNREACHABLE_CODE = YES;
				CLANG_WARN__DUPLICATE_METHOD_MATCH = YES;
				COPY_PHASE_STRIP = NO;
				DEBUG_INFORMATION_FORMAT = dwarf;
				ENABLE_STRICT_OBJC_MSGSEND = YES;
				ENABLE_TESTABILITY = YES;
				GCC_C_LANGUAGE_STANDARD = gnu11;
				GCC_DYNAMIC_NO_PIC = NO;
				GCC_NO_COMMON_BLOCKS = YES;
				GCC_OPTIMIZATION_LEVEL = 0;
				GCC_PREPROCESSOR_DEFINITIONS = (
					"DEBUG=1",
					"$(inherited)",
				);
				GCC_WARN_64_TO_32_BIT_CONVERSION = YES;
				GCC_WARN_ABOUT_RETURN_TYPE = YES_ERROR;
				GCC_WARN_UNDECLARED_SELECTOR = YES;
				GCC_WARN_UNINITIALIZED_AUTOS = YES_AGGRESSIVE;
				GCC_WARN_UNUSED_FUNCTION = YES;
				GCC_WARN_UNUSED_VARIABLE = YES;
				IPHONEOS_DEPLOYMENT_TARGET = 15.4;
				MTL_ENABLE_DEBUG_INFO = INCLUDE_SOURCE;
				MTL_FAST_MATH = YES;
				ONLY_ACTIVE_ARCH = YES;
				SDKROOT = iphoneos;
				SWIFT_ACTIVE_COMPILATION_CONDITIONS = DEBUG;
				SWIFT_OPTIMIZATION_LEVEL = "-Onone";
			};
			name = Debug;
		};
		38C80DF627FBEF1B00285FF6 /* Release */ = {
			isa = XCBuildConfiguration;
			buildSettings = {
				ALWAYS_SEARCH_USER_PATHS = NO;
				CLANG_ANALYZER_NONNULL = YES;
				CLANG_ANALYZER_NUMBER_OBJECT_CONVERSION = YES_AGGRESSIVE;
				CLANG_CXX_LANGUAGE_STANDARD = "gnu++17";
				CLANG_ENABLE_MODULES = YES;
				CLANG_ENABLE_OBJC_ARC = YES;
				CLANG_ENABLE_OBJC_WEAK = YES;
				CLANG_WARN_BLOCK_CAPTURE_AUTORELEASING = YES;
				CLANG_WARN_BOOL_CONVERSION = YES;
				CLANG_WARN_COMMA = YES;
				CLANG_WARN_CONSTANT_CONVERSION = YES;
				CLANG_WARN_DEPRECATED_OBJC_IMPLEMENTATIONS = YES;
				CLANG_WARN_DIRECT_OBJC_ISA_USAGE = YES_ERROR;
				CLANG_WARN_DOCUMENTATION_COMMENTS = YES;
				CLANG_WARN_EMPTY_BODY = YES;
				CLANG_WARN_ENUM_CONVERSION = YES;
				CLANG_WARN_INFINITE_RECURSION = YES;
				CLANG_WARN_INT_CONVERSION = YES;
				CLANG_WARN_NON_LITERAL_NULL_CONVERSION = YES;
				CLANG_WARN_OBJC_IMPLICIT_RETAIN_SELF = YES;
				CLANG_WARN_OBJC_LITERAL_CONVERSION = YES;
				CLANG_WARN_OBJC_ROOT_CLASS = YES_ERROR;
				CLANG_WARN_QUOTED_INCLUDE_IN_FRAMEWORK_HEADER = YES;
				CLANG_WARN_RANGE_LOOP_ANALYSIS = YES;
				CLANG_WARN_STRICT_PROTOTYPES = YES;
				CLANG_WARN_SUSPICIOUS_MOVE = YES;
				CLANG_WARN_UNGUARDED_AVAILABILITY = YES_AGGRESSIVE;
				CLANG_WARN_UNREACHABLE_CODE = YES;
				CLANG_WARN__DUPLICATE_METHOD_MATCH = YES;
				COPY_PHASE_STRIP = NO;
				DEBUG_INFORMATION_FORMAT = "dwarf-with-dsym";
				ENABLE_NS_ASSERTIONS = NO;
				ENABLE_STRICT_OBJC_MSGSEND = YES;
				GCC_C_LANGUAGE_STANDARD = gnu11;
				GCC_NO_COMMON_BLOCKS = YES;
				GCC_WARN_64_TO_32_BIT_CONVERSION = YES;
				GCC_WARN_ABOUT_RETURN_TYPE = YES_ERROR;
				GCC_WARN_UNDECLARED_SELECTOR = YES;
				GCC_WARN_UNINITIALIZED_AUTOS = YES_AGGRESSIVE;
				GCC_WARN_UNUSED_FUNCTION = YES;
				GCC_WARN_UNUSED_VARIABLE = YES;
				IPHONEOS_DEPLOYMENT_TARGET = 15.4;
				MTL_ENABLE_DEBUG_INFO = NO;
				MTL_FAST_MATH = YES;
				SDKROOT = iphoneos;
				SWIFT_COMPILATION_MODE = wholemodule;
				SWIFT_OPTIMIZATION_LEVEL = "-O";
				VALIDATE_PRODUCT = YES;
			};
			name = Release;
		};
		38C80DF827FBEF1B00285FF6 /* Debug */ = {
			isa = XCBuildConfiguration;
			buildSettings = {
				ASSETCATALOG_COMPILER_APPICON_NAME = AppIcon;
				ASSETCATALOG_COMPILER_GLOBAL_ACCENT_COLOR_NAME = AccentColor;
				CODE_SIGN_STYLE = Automatic;
				CURRENT_PROJECT_VERSION = 1;
				GENERATE_INFOPLIST_FILE = YES;
				INFOPLIST_FILE = CookSteps/Info.plist;
				INFOPLIST_KEY_UIApplicationSupportsIndirectInputEvents = YES;
				INFOPLIST_KEY_UILaunchStoryboardName = LaunchScreen;
				INFOPLIST_KEY_UIMainStoryboardFile = Main;
				INFOPLIST_KEY_UISupportedInterfaceOrientations_iPad = "UIInterfaceOrientationPortrait UIInterfaceOrientationPortraitUpsideDown UIInterfaceOrientationLandscapeLeft UIInterfaceOrientationLandscapeRight";
				INFOPLIST_KEY_UISupportedInterfaceOrientations_iPhone = "UIInterfaceOrientationPortrait UIInterfaceOrientationLandscapeLeft UIInterfaceOrientationLandscapeRight";
				LD_RUNPATH_SEARCH_PATHS = (
					"$(inherited)",
					"@executable_path/Frameworks",
				);
				MARKETING_VERSION = 1.0;
				PRODUCT_BUNDLE_IDENTIFIER = cooksteps.com.CookSteps;
				PRODUCT_NAME = "$(TARGET_NAME)";
				SWIFT_EMIT_LOC_STRINGS = YES;
				SWIFT_VERSION = 5.0;
				TARGETED_DEVICE_FAMILY = "1,2";
			};
			name = Debug;
		};
		38C80DF927FBEF1B00285FF6 /* Release */ = {
			isa = XCBuildConfiguration;
			buildSettings = {
				ASSETCATALOG_COMPILER_APPICON_NAME = AppIcon;
				ASSETCATALOG_COMPILER_GLOBAL_ACCENT_COLOR_NAME = AccentColor;
				CODE_SIGN_STYLE = Automatic;
				CURRENT_PROJECT_VERSION = 1;
				GENERATE_INFOPLIST_FILE = YES;
				INFOPLIST_FILE = CookSteps/Info.plist;
				INFOPLIST_KEY_UIApplicationSupportsIndirectInputEvents = YES;
				INFOPLIST_KEY_UILaunchStoryboardName = LaunchScreen;
				INFOPLIST_KEY_UIMainStoryboardFile = Main;
				INFOPLIST_KEY_UISupportedInterfaceOrientations_iPad = "UIInterfaceOrientationPortrait UIInterfaceOrientationPortraitUpsideDown UIInterfaceOrientationLandscapeLeft UIInterfaceOrientationLandscapeRight";
				INFOPLIST_KEY_UISupportedInterfaceOrientations_iPhone = "UIInterfaceOrientationPortrait UIInterfaceOrientationLandscapeLeft UIInterfaceOrientationLandscapeRight";
				LD_RUNPATH_SEARCH_PATHS = (
					"$(inherited)",
					"@executable_path/Frameworks",
				);
				MARKETING_VERSION = 1.0;
				PRODUCT_BUNDLE_IDENTIFIER = cooksteps.com.CookSteps;
				PRODUCT_NAME = "$(TARGET_NAME)";
				SWIFT_EMIT_LOC_STRINGS = YES;
				SWIFT_VERSION = 5.0;
				TARGETED_DEVICE_FAMILY = "1,2";
			};
			name = Release;
		};
		38C80DFB27FBEF1B00285FF6 /* Debug */ = {
			isa = XCBuildConfiguration;
			buildSettings = {
				ALWAYS_EMBED_SWIFT_STANDARD_LIBRARIES = YES;
				BUNDLE_LOADER = "$(TEST_HOST)";
				CODE_SIGN_STYLE = Automatic;
				CURRENT_PROJECT_VERSION = 1;
				GENERATE_INFOPLIST_FILE = YES;
				IPHONEOS_DEPLOYMENT_TARGET = 15.4;
				MARKETING_VERSION = 1.0;
				PRODUCT_BUNDLE_IDENTIFIER = cooksteps.com.CookStepsTests;
				PRODUCT_NAME = "$(TARGET_NAME)";
				SWIFT_EMIT_LOC_STRINGS = NO;
				SWIFT_VERSION = 5.0;
				TARGETED_DEVICE_FAMILY = "1,2";
				TEST_HOST = "$(BUILT_PRODUCTS_DIR)/CookSteps.app/CookSteps";
			};
			name = Debug;
		};
		38C80DFC27FBEF1B00285FF6 /* Release */ = {
			isa = XCBuildConfiguration;
			buildSettings = {
				ALWAYS_EMBED_SWIFT_STANDARD_LIBRARIES = YES;
				BUNDLE_LOADER = "$(TEST_HOST)";
				CODE_SIGN_STYLE = Automatic;
				CURRENT_PROJECT_VERSION = 1;
				GENERATE_INFOPLIST_FILE = YES;
				IPHONEOS_DEPLOYMENT_TARGET = 15.4;
				MARKETING_VERSION = 1.0;
				PRODUCT_BUNDLE_IDENTIFIER = cooksteps.com.CookStepsTests;
				PRODUCT_NAME = "$(TARGET_NAME)";
				SWIFT_EMIT_LOC_STRINGS = NO;
				SWIFT_VERSION = 5.0;
				TARGETED_DEVICE_FAMILY = "1,2";
				TEST_HOST = "$(BUILT_PRODUCTS_DIR)/CookSteps.app/CookSteps";
			};
			name = Release;
		};
		38C80DFE27FBEF1B00285FF6 /* Debug */ = {
			isa = XCBuildConfiguration;
			buildSettings = {
				ALWAYS_EMBED_SWIFT_STANDARD_LIBRARIES = YES;
				CODE_SIGN_STYLE = Automatic;
				CURRENT_PROJECT_VERSION = 1;
				GENERATE_INFOPLIST_FILE = YES;
				MARKETING_VERSION = 1.0;
				PRODUCT_BUNDLE_IDENTIFIER = cooksteps.com.CookStepsUITests;
				PRODUCT_NAME = "$(TARGET_NAME)";
				SWIFT_EMIT_LOC_STRINGS = NO;
				SWIFT_VERSION = 5.0;
				TARGETED_DEVICE_FAMILY = "1,2";
				TEST_TARGET_NAME = CookSteps;
			};
			name = Debug;
		};
		38C80DFF27FBEF1B00285FF6 /* Release */ = {
			isa = XCBuildConfiguration;
			buildSettings = {
				ALWAYS_EMBED_SWIFT_STANDARD_LIBRARIES = YES;
				CODE_SIGN_STYLE = Automatic;
				CURRENT_PROJECT_VERSION = 1;
				GENERATE_INFOPLIST_FILE = YES;
				MARKETING_VERSION = 1.0;
				PRODUCT_BUNDLE_IDENTIFIER = cooksteps.com.CookStepsUITests;
				PRODUCT_NAME = "$(TARGET_NAME)";
				SWIFT_EMIT_LOC_STRINGS = NO;
				SWIFT_VERSION = 5.0;
				TARGETED_DEVICE_FAMILY = "1,2";
				TEST_TARGET_NAME = CookSteps;
			};
			name = Release;
		};
/* End XCBuildConfiguration section */

/* Begin XCConfigurationList section */
		38C80DC827FBEF1A00285FF6 /* Build configuration list for PBXProject "CookSteps" */ = {
			isa = XCConfigurationList;
			buildConfigurations = (
				38C80DF527FBEF1B00285FF6 /* Debug */,
				38C80DF627FBEF1B00285FF6 /* Release */,
			);
			defaultConfigurationIsVisible = 0;
			defaultConfigurationName = Release;
		};
		38C80DF727FBEF1B00285FF6 /* Build configuration list for PBXNativeTarget "CookSteps" */ = {
			isa = XCConfigurationList;
			buildConfigurations = (
				38C80DF827FBEF1B00285FF6 /* Debug */,
				38C80DF927FBEF1B00285FF6 /* Release */,
			);
			defaultConfigurationIsVisible = 0;
			defaultConfigurationName = Release;
		};
		38C80DFA27FBEF1B00285FF6 /* Build configuration list for PBXNativeTarget "CookStepsTests" */ = {
			isa = XCConfigurationList;
			buildConfigurations = (
				38C80DFB27FBEF1B00285FF6 /* Debug */,
				38C80DFC27FBEF1B00285FF6 /* Release */,
			);
			defaultConfigurationIsVisible = 0;
			defaultConfigurationName = Release;
		};
		38C80DFD27FBEF1B00285FF6 /* Build configuration list for PBXNativeTarget "CookStepsUITests" */ = {
			isa = XCConfigurationList;
			buildConfigurations = (
				38C80DFE27FBEF1B00285FF6 /* Debug */,
				38C80DFF27FBEF1B00285FF6 /* Release */,
			);
			defaultConfigurationIsVisible = 0;
			defaultConfigurationName = Release;
		};
/* End XCConfigurationList section */
	};
	rootObject = 38C80DC527FBEF1A00285FF6 /* Project object */;
}
